
Microsoft Visual Studio Solution File, Format Version 12.00
# Visual Studio Version 17
VisualStudioVersion = 17.0.31903.59
MinimumVisualStudioVersion = 10.0.40219.1
Project("{2150E333-8FDC-42A3-9474-1A3956D46DE8}") = "src", "src", "{805F5B03-B6FA-4CCF-932C-7B2F5F510ACA}"
EndProject
Project("{FAE04EC0-301F-11D3-BF4B-00C04F79EFBC}") = "LedController.Core", "src\LedController.Core\LedController.Core.csproj", "{AA696A8D-9059-4CBA-8B77-068594595BB3}"
EndProject
Project("{FAE04EC0-301F-11D3-BF4B-00C04F79EFBC}") = "LedController.Infrastructure", "src\LedController.Infrastructure\LedController.Infrastructure.csproj", "{118E89C2-C692-477B-85BC-CC8FEFC4FC1E}"
EndProject
Project("{FAE04EC0-301F-11D3-BF4B-00C04F79EFBC}") = "LedController.UI", "src\LedController.UI\LedController.UI.csproj", "{415F36F9-E40F-4D51-B4A6-17839257F683}"
EndProject
Global
	GlobalSection(SolutionConfigurationPlatforms) = preSolution
		Debug|Any CPU = Debug|Any CPU
		Release|Any CPU = Release|Any CPU
	EndGlobalSection
	GlobalSection(SolutionProperties) = preSolution
		HideSolutionNode = FALSE
	EndGlobalSection
	GlobalSection(ProjectConfigurationPlatforms) = postSolution
		{AA696A8D-9059-4CBA-8B77-068594595BB3}.Debug|Any CPU.ActiveCfg = Debug|Any CPU
		{AA696A8D-9059-4CBA-8B77-068594595BB3}.Debug|Any CPU.Build.0 = Debug|Any CPU
		{AA696A8D-9059-4CBA-8B77-068594595BB3}.Release|Any CPU.ActiveCfg = Release|Any CPU
		{AA696A8D-9059-4CBA-8B77-068594595BB3}.Release|Any CPU.Build.0 = Release|Any CPU
		{118E89C2-C692-477B-85BC-CC8FEFC4FC1E}.Debug|Any CPU.ActiveCfg = Debug|Any CPU
		{118E89C2-C692-477B-85BC-CC8FEFC4FC1E}.Debug|Any CPU.Build.0 = Debug|Any CPU
		{118E89C2-C692-477B-85BC-CC8FEFC4FC1E}.Release|Any CPU.ActiveCfg = Release|Any CPU
		{118E89C2-C692-477B-85BC-CC8FEFC4FC1E}.Release|Any CPU.Build.0 = Release|Any CPU
		{415F36F9-E40F-4D51-B4A6-17839257F683}.Debug|Any CPU.ActiveCfg = Debug|Any CPU
		{415F36F9-E40F-4D51-B4A6-17839257F683}.Debug|Any CPU.Build.0 = Debug|Any CPU
		{415F36F9-E40F-4D51-B4A6-17839257F683}.Release|Any CPU.ActiveCfg = Release|Any CPU
		{415F36F9-E40F-4D51-B4A6-17839257F683}.Release|Any CPU.Build.0 = Release|Any CPU
	EndGlobalSection
	GlobalSection(NestedProjects) = preSolution
		{AA696A8D-9059-4CBA-8B77-068594595BB3} = {805F5B03-B6FA-4CCF-932C-7B2F5F510ACA}
		{118E89C2-C692-477B-85BC-CC8FEFC4FC1E} = {805F5B03-B6FA-4CCF-932C-7B2F5F510ACA}
		{415F36F9-E40F-4D51-B4A6-17839257F683} = {805F5B03-B6FA-4CCF-932C-7B2F5F510ACA}
	EndGlobalSection
EndGlobal
